lockfileVersion: '9.0'

settings:
  autoInstallPeers: true
  excludeLinksFromLockfile: false

importers:

  .:
    dependencies:
      '@dashkite/altair':
        specifier: link:../altair
        version: link:../altair
      '@dashkite/belmont':
        specifier: link:../belmont
        version: link:../belmont
      '@dashkite/generic':
        specifier: link:../generic
        version: link:../generic
      '@dashkite/reactive':
        specifier: link:../reactive
        version: link:../reactive
    devDependencies:
      '@dashkite/amen':
        specifier: ^0.2.0
        version: 0.2.2
      '@dashkite/amen-console':
        specifier: link:../amen-console
        version: link:../amen-console
      '@dashkite/assert':
        specifier: link:../assert
        version: link:../assert
      '@dashkite/drn-sky':
        specifier: link:../drn-sky
        version: link:../drn-sky
      '@dashkite/genie':
        specifier: link:../genie
        version: link:../genie
      '@dashkite/genie-clean':
        specifier: link:../genie-clean
        version: link:../genie-clean
      '@dashkite/genie-coffee':
        specifier: link:../genie-coffee
        version: link:../genie-coffee
      '@dashkite/genie-drn':
        specifier: link:../genie-drn
        version: link:../genie-drn
      '@dashkite/genie-module':
        specifier: link:../genie-module
        version: link:../genie-module
      '@dashkite/genie-release':
        specifier: ^0.2.0
        version: 0.2.0
      '@dashkite/genie-yaml':
        specifier: link:../genie-yaml
        version: link:../genie-yaml
      '@dashkite/profile':
        specifier: link:../profile
        version: link:../profile

packages:

  '@dashkite/amen@0.2.2':
    resolution: {integrity: sha512-bJBbRiIcQaKBT2A+EOltZaZMqGCptPw7rfSnTsu1AiicYWrXwe41zwo2W0a079OpJTLsH9v2vnU20xMCP9mQqA==}

  '@dashkite/genie-release@0.2.0':
    resolution: {integrity: sha512-ySaAzJw7FfpF+lIomBjQm1s8rcrCDl29h6p0Wyaa6Br/FdIFyDbc8CRJKS8BnxMqN5sEN3J/qE/t7QNk7mZMKw==}

  '@dashkite/joy@0.3.16':
    resolution: {integrity: sha512-dsU0us4j1Pb+zceoBvLbnZ2PbmULkJUtM2vtWLxKmoc1DE4w9SVTiPTe6JWvF0A0vk90ldv+Lc9qEA5x3O+DtQ==}

  '@dashkite/zephyr@0.2.0':
    resolution: {integrity: sha512-l3Fm9nyOIp1yBnv4IzGOKVgo1/UucU5WLvsqAfcP2jEVlE4AgpPkODssyloxTyC3N+bhcz1DXqC/7KokI1eVjA==}

  argparse@2.0.1:
    resolution: {integrity: sha512-8+9WqebbFzpX9OR+Wa6O29asIogeRMzcGtAINdpMHHyAg10f05aSFVBbcEqGf/PXw1EjAZ+q2/bEBg3DvurK3Q==}

  js-yaml@4.1.0:
    resolution: {integrity: sha512-wpxZs9NoxZaJESJGIZTyDEaYpl0FKSA+FB9aJiyemKhMwkxQg63h4T1KJgUGHpTqPDNRcmmYLugrRjJlBtWvRA==}
    hasBin: true

  zx@8.6.1:
    resolution: {integrity: sha512-ig4Gn2e3L9QaQq3OsyDyGKvXFiq7wYvLCPmFJgcneHsr5vTeJefe0SXtDE7qaur9ysv7giAc0CmEtQcS71UA5Q==}
    engines: {node: '>= 12.17.0'}
    hasBin: true

snapshots:

  '@dashkite/amen@0.2.2': {}

  '@dashkite/genie-release@0.2.0':
    dependencies:
      '@dashkite/zephyr': 0.2.0
      zx: 8.6.1

  '@dashkite/joy@0.3.16': {}

  '@dashkite/zephyr@0.2.0':
    dependencies:
      '@dashkite/joy': 0.3.16
      js-yaml: 4.1.0

  argparse@2.0.1: {}

  js-yaml@4.1.0:
    dependencies:
      argparse: 2.0.1

  zx@8.6.1: {}
