lockfileVersion: '9.0'

settings:
  autoInstallPeers: true
  excludeLinksFromLockfile: false

importers:

  .:
    dependencies:
      '@dashkite/altair':
        specifier: link:../altair
        version: link:../altair
      '@dashkite/belmont':
        specifier: link:../belmont
        version: link:../belmont
      '@dashkite/generic':
        specifier: link:../generic
        version: link:../generic
      '@dashkite/reactive':
        specifier: link:../reactive
        version: link:../reactive
    devDependencies:
      '@dashkite/amen':
        specifier: ^0.2.0
        version: 0.2.2
      '@dashkite/amen-console':
        specifier: link:../amen-console
        version: link:../amen-console
      '@dashkite/assert':
        specifier: link:../assert
        version: link:../assert
      '@dashkite/drn-sky':
        specifier: link:../drn-sky
        version: link:../drn-sky
      '@dashkite/genie':
        specifier: link:../genie
        version: link:../genie
      '@dashkite/genie-clean':
        specifier: link:../genie-clean
        version: link:../genie-clean
      '@dashkite/genie-coffee':
        specifier: link:../genie-coffee
        version: link:../genie-coffee
      '@dashkite/genie-drn':
        specifier: link:../genie-drn
        version: link:../genie-drn
      '@dashkite/genie-module':
        specifier: link:../genie-module
        version: link:../genie-module
      '@dashkite/genie-release':
        specifier: link:../genie-release
        version: link:../genie-release
      '@dashkite/genie-yaml':
        specifier: link:../genie-yaml
        version: link:../genie-yaml
      '@dashkite/profile':
        specifier: link:../profile
        version: link:../profile
      '@dashkite/vista':
        specifier: link:../vista
        version: link:../vista

packages:

  '@dashkite/amen@0.2.2':
    resolution: {integrity: sha512-bJBbRiIcQaKBT2A+EOltZaZMqGCptPw7rfSnTsu1AiicYWrXwe41zwo2W0a079OpJTLsH9v2vnU20xMCP9mQqA==}

snapshots:

  '@dashkite/amen@0.2.2': {}
